
Microsoft Visual Studio Solution File, Format Version 12.00
# Visual Studio Version 16
VisualStudioVersion = 16.0.31410.357
MinimumVisualStudioVersion = 10.0.40219.1
Project("{FAE04EC0-301F-11D3-BF4B-00C04F79EFBC}") = "ImageDemoGUI", "ImageDemoGUI\ImageDemoGUI.csproj", "{0E53F93E-E7CA-43C8-8970-4915AE7BCB6E}"
EndProject
Global
	GlobalSection(SolutionConfigurationPlatforms) = preSolution
		Debug|Any CPU = Debug|Any CPU
		Release|Any CPU = Release|Any CPU
	EndGlobalSection
	GlobalSection(ProjectConfigurationPlatforms) = postSolution
		{0E53F93E-E7CA-43C8-8970-4915AE7BCB6E}.Debug|Any CPU.ActiveCfg = Debug|Any CPU
		{0E53F93E-E7CA-43C8-8970-4915AE7BCB6E}.Debug|Any CPU.Build.0 = Debug|Any CPU
		{0E53F93E-E7CA-43C8-8970-4915AE7BCB6E}.Release|Any CPU.ActiveCfg = Release|Any CPU
		{0E53F93E-E7CA-43C8-8970-4915AE7BCB6E}.Release|Any CPU.Build.0 = Release|Any CPU
	EndGlobalSection
	GlobalSection(SolutionProperties) = preSolution
		HideSolutionNode = FALSE
	EndGlobalSection
	GlobalSection(ExtensibilityGlobals) = postSolution
		SolutionGuid = {239B2E8C-05CA-46B4-BF33-AF9237349E28}
	EndGlobalSection
EndGlobal
